
Microsoft Visual Studio Solution File, Format Version 12.00
# Visual Studio 15
VisualStudioVersion = 15.0.27130.2027
MinimumVisualStudioVersion = 10.0.40219.1
Project("{FAE04EC0-301F-11D3-BF4B-00C04F79EFBC}") = "MyCms", "MyCms\MyCms.csproj", "{0A69C6DB-7923-471C-9D46-627D0FDBF6B8}"
EndProject
Project("{2150E333-8FDC-42A3-9474-1A3956D46DE8}") = ".s2i", ".s2i", "{8E23F2CE-3D56-41FC-AC31-E5E8A81FFA54}"
	ProjectSection(SolutionItems) = preProject
		environment.txt = environment.txt
	EndProjectSection
EndProject
Global
	GlobalSection(SolutionConfigurationPlatforms) = preSolution
		Debug|Any CPU = Debug|Any CPU
		Release|Any CPU = Release|Any CPU
	EndGlobalSection
	GlobalSection(ProjectConfigurationPlatforms) = postSolution
		{0A69C6DB-7923-471C-9D46-627D0FDBF6B8}.Debug|Any CPU.ActiveCfg = Debug|Any CPU
		{0A69C6DB-7923-471C-9D46-627D0FDBF6B8}.Debug|Any CPU.Build.0 = Debug|Any CPU
		{0A69C6DB-7923-471C-9D46-627D0FDBF6B8}.Release|Any CPU.ActiveCfg = Release|Any CPU
		{0A69C6DB-7923-471C-9D46-627D0FDBF6B8}.Release|Any CPU.Build.0 = Release|Any CPU
	EndGlobalSection
	GlobalSection(SolutionProperties) = preSolution
		HideSolutionNode = FALSE
	EndGlobalSection
	GlobalSection(ExtensibilityGlobals) = postSolution
		SolutionGuid = {9A901F66-FE3D-49D9-A045-64DDF57BBBC1}
	EndGlobalSection
EndGlobal
